
Microsoft Visual Studio Solution File, Format Version 12.00
# Visual Studio 2013
VisualStudioVersion = 12.0.21005.1
MinimumVisualStudioVersion = 10.0.40219.1
Project("{FAE04EC0-301F-11D3-BF4B-00C04F79EFBC}") = "SamsungRemoteLibrary", "SamsungRemoteLibrary\SamsungRemoteLibrary.csproj", "{63E5901B-E034-44D0-A01D-605C9C5603E5}"
EndProject
Project("{FAE04EC0-301F-11D3-BF4B-00C04F79EFBC}") = "SamsungRemoteLibrary.Interfaces", "SamsungRemoteLibrary.Interfaces\SamsungRemoteLibrary.Interfaces.csproj", "{E0D89FA2-5638-4974-BB18-6AEDDE48DAA1}"
EndProject
Project("{FAE04EC0-301F-11D3-BF4B-00C04F79EFBC}") = "SamsungRemoteLibrary.TvConnector", "SamsungRemoteLibrary.TvConnector\SamsungRemoteLibrary.TvConnector.csproj", "{A29B28FA-F23E-4BD8-BA2B-F386F960C94F}"
EndProject
Global
	GlobalSection(SolutionConfigurationPlatforms) = preSolution
		Debug|Any CPU = Debug|Any CPU
		Release|Any CPU = Release|Any CPU
	EndGlobalSection
	GlobalSection(ProjectConfigurationPlatforms) = postSolution
		{63E5901B-E034-44D0-A01D-605C9C5603E5}.Debug|Any CPU.ActiveCfg = Debug|Any CPU
		{63E5901B-E034-44D0-A01D-605C9C5603E5}.Debug|Any CPU.Build.0 = Debug|Any CPU
		{63E5901B-E034-44D0-A01D-605C9C5603E5}.Release|Any CPU.ActiveCfg = Release|Any CPU
		{63E5901B-E034-44D0-A01D-605C9C5603E5}.Release|Any CPU.Build.0 = Release|Any CPU
		{E0D89FA2-5638-4974-BB18-6AEDDE48DAA1}.Debug|Any CPU.ActiveCfg = Debug|Any CPU
		{E0D89FA2-5638-4974-BB18-6AEDDE48DAA1}.Debug|Any CPU.Build.0 = Debug|Any CPU
		{E0D89FA2-5638-4974-BB18-6AEDDE48DAA1}.Release|Any CPU.ActiveCfg = Release|Any CPU
		{E0D89FA2-5638-4974-BB18-6AEDDE48DAA1}.Release|Any CPU.Build.0 = Release|Any CPU
		{A29B28FA-F23E-4BD8-BA2B-F386F960C94F}.Debug|Any CPU.ActiveCfg = Debug|Any CPU
		{A29B28FA-F23E-4BD8-BA2B-F386F960C94F}.Debug|Any CPU.Build.0 = Debug|Any CPU
		{A29B28FA-F23E-4BD8-BA2B-F386F960C94F}.Release|Any CPU.ActiveCfg = Release|Any CPU
		{A29B28FA-F23E-4BD8-BA2B-F386F960C94F}.Release|Any CPU.Build.0 = Release|Any CPU
	EndGlobalSection
	GlobalSection(SolutionProperties) = preSolution
		HideSolutionNode = FALSE
	EndGlobalSection
EndGlobal
